// !$*UTF8*$!
{
	archiveVersion = 1;
	classes = {
	};
	objectVersion = 46;
	objects = {

/* Begin PBXBuildFile section */
		375C7152166B8DF600B48C11 /* CarFavoritViewController.m in Sources */ = {isa = PBXBuildFile; fileRef = 375C7150166B8DF500B48C11 /* CarFavoritViewController.m */; };
		375C7153166B8DF600B48C11 /* CarFavoritViewController.xib in Resources */ = {isa = PBXBuildFile; fileRef = 375C7151166B8DF500B48C11 /* CarFavoritViewController.xib */; };
		375C7157166B93EF00B48C11 /* CarProfilViewController.m in Sources */ = {isa = PBXBuildFile; fileRef = 375C7155166B93EE00B48C11 /* CarProfilViewController.m */; };
		375C7158166B93EF00B48C11 /* CarProfilViewController.xib in Resources */ = {isa = PBXBuildFile; fileRef = 375C7156166B93EF00B48C11 /* CarProfilViewController.xib */; };
		375F8E74167226CC00FAD821 /* tabbar_service Kopie.png in Resources */ = {isa = PBXBuildFile; fileRef = 375F8E73167226CC00FAD821 /* tabbar_service Kopie.png */; };
		375F8E7716722A2700FAD821 /* tabbar_profil Kopie.png in Resources */ = {isa = PBXBuildFile; fileRef = 375F8E7616722A2700FAD821 /* tabbar_profil Kopie.png */; };
		375F8E7916722A3000FAD821 /* tabbar_stoerung Kopie.png in Resources */ = {isa = PBXBuildFile; fileRef = 375F8E7816722A3000FAD821 /* tabbar_stoerung Kopie.png */; };
		375F8E8116723C7D00FAD821 /* SettingsViewController.m in Sources */ = {isa = PBXBuildFile; fileRef = 375F8E7F16723C7D00FAD821 /* SettingsViewController.m */; };
		375F8E8216723C7D00FAD821 /* SettingsViewController.xib in Resources */ = {isa = PBXBuildFile; fileRef = 375F8E8016723C7D00FAD821 /* SettingsViewController.xib */; };
		37BB892B167372F60098EFA3 /* CarDataViewController.m in Sources */ = {isa = PBXBuildFile; fileRef = 37BB8929167372F60098EFA3 /* CarDataViewController.m */; };
		37BB892C167372F60098EFA3 /* CarDataViewController.xib in Resources */ = {isa = PBXBuildFile; fileRef = 37BB892A167372F60098EFA3 /* CarDataViewController.xib */; };
		37BB893C16737F2F0098EFA3 /* RadioPickerController.m in Sources */ = {isa = PBXBuildFile; fileRef = 37BB893A16737F2F0098EFA3 /* RadioPickerController.m */; };
		37BB893D16737F2F0098EFA3 /* RadioPickerController.xib in Resources */ = {isa = PBXBuildFile; fileRef = 37BB893B16737F2F0098EFA3 /* RadioPickerController.xib */; };
		37BB893F16738BD40098EFA3 /* Autoradio.jpeg in Resources */ = {isa = PBXBuildFile; fileRef = 37BB893E16738BD40098EFA3 /* Autoradio.jpeg */; };
		37BB8942167391210098EFA3 /* AccessoryService.m in Sources */ = {isa = PBXBuildFile; fileRef = 37BB8941167391210098EFA3 /* AccessoryService.m */; };
		37E7179D16690C5E00F6B11F /* Car.m in Sources */ = {isa = PBXBuildFile; fileRef = 37E7179C16690C5E00F6B11F /* Car.m */; };
		37E717A116690CAB00F6B11F /* Profile.m in Sources */ = {isa = PBXBuildFile; fileRef = 37E717A016690CAB00F6B11F /* Profile.m */; };
		37E717A816690D2400F6B11F /* ProfilController.m in Sources */ = {isa = PBXBuildFile; fileRef = 37E717A616690D2400F6B11F /* ProfilController.m */; };
		37E717A916690D2400F6B11F /* ProfilController.xib in Resources */ = {isa = PBXBuildFile; fileRef = 37E717A716690D2400F6B11F /* ProfilController.xib */; };
		37E717AC16690FCF00F6B11F /* CarListService.m in Sources */ = {isa = PBXBuildFile; fileRef = 37E717AB16690FCF00F6B11F /* CarListService.m */; };
		400DF8491668F0F100D6217B /* UIKit.framework in Frameworks */ = {isa = PBXBuildFile; fileRef = 400DF8481668F0F100D6217B /* UIKit.framework */; };
		400DF84B1668F0F100D6217B /* Foundation.framework in Frameworks */ = {isa = PBXBuildFile; fileRef = 400DF84A1668F0F100D6217B /* Foundation.framework */; };
		400DF84D1668F0F100D6217B /* CoreGraphics.framework in Frameworks */ = {isa = PBXBuildFile; fileRef = 400DF84C1668F0F100D6217B /* CoreGraphics.framework */; };
		400DF8531668F0F100D6217B /* InfoPlist.strings in Resources */ = {isa = PBXBuildFile; fileRef = 400DF8511668F0F100D6217B /* InfoPlist.strings */; };
		400DF8551668F0F100D6217B /* main.m in Sources */ = {isa = PBXBuildFile; fileRef = 400DF8541668F0F100D6217B /* main.m */; };
		400DF8591668F0F100D6217B /* AppDelegate.m in Sources */ = {isa = PBXBuildFile; fileRef = 400DF8581668F0F100D6217B /* AppDelegate.m */; };
		400DF85B1668F0F200D6217B /* Default.png in Resources */ = {isa = PBXBuildFile; fileRef = 400DF85A1668F0F200D6217B /* Default.png */; };
		400DF85D1668F0F200D6217B /* Default@2x.png in Resources */ = {isa = PBXBuildFile; fileRef = 400DF85C1668F0F200D6217B /* Default@2x.png */; };
		400DF85F1668F0F200D6217B /* Default-568h@2x.png in Resources */ = {isa = PBXBuildFile; fileRef = 400DF85E1668F0F200D6217B /* Default-568h@2x.png */; };
		400DF86D1668F0F200D6217B /* SenTestingKit.framework in Frameworks */ = {isa = PBXBuildFile; fileRef = 400DF86C1668F0F200D6217B /* SenTestingKit.framework */; };
		400DF86E1668F0F200D6217B /* UIKit.framework in Frameworks */ = {isa = PBXBuildFile; fileRef = 400DF8481668F0F100D6217B /* UIKit.framework */; };
		400DF86F1668F0F200D6217B /* Foundation.framework in Frameworks */ = {isa = PBXBuildFile; fileRef = 400DF84A1668F0F100D6217B /* Foundation.framework */; };
		400DF8771668F0F200D6217B /* InfoPlist.strings in Resources */ = {isa = PBXBuildFile; fileRef = 400DF8751668F0F200D6217B /* InfoPlist.strings */; };
		400DF87A1668F0F200D6217B /* CarAssistTests.m in Sources */ = {isa = PBXBuildFile; fileRef = 400DF8791668F0F200D6217B /* CarAssistTests.m */; };
		400DF8841668F1A000D6217B /* AppIcon_iPhone_klein.png in Resources */ = {isa = PBXBuildFile; fileRef = 400DF8831668F1A000D6217B /* AppIcon_iPhone_klein.png */; };
		400DF8861668F1D700D6217B /* AppIcon_iPhone_gross.png in Resources */ = {isa = PBXBuildFile; fileRef = 400DF8851668F1D700D6217B /* AppIcon_iPhone_gross.png */; };
		400DF88C1669056900D6217B /* WarningCategoryViewController.m in Sources */ = {isa = PBXBuildFile; fileRef = 400DF88A1669056900D6217B /* WarningCategoryViewController.m */; };
		400DF88D1669056900D6217B /* WarningCategoryViewController.xib in Resources */ = {isa = PBXBuildFile; fileRef = 400DF88B1669056900D6217B /* WarningCategoryViewController.xib */; };
		400DF8951669080600D6217B /* WarningLight.m in Sources */ = {isa = PBXBuildFile; fileRef = 400DF8941669080600D6217B /* WarningLight.m */; };
		400DF8991669082600D6217B /* WarningLightStockService.m in Sources */ = {isa = PBXBuildFile; fileRef = 400DF8981669082600D6217B /* WarningLightStockService.m */; };
		400DF89D1669085E00D6217B /* WarningLightCollectionViewController.m in Sources */ = {isa = PBXBuildFile; fileRef = 400DF89B1669085E00D6217B /* WarningLightCollectionViewController.m */; };
		400DF89E1669085E00D6217B /* WarningLightCollectionViewController.xib in Resources */ = {isa = PBXBuildFile; fileRef = 400DF89C1669085E00D6217B /* WarningLightCollectionViewController.xib */; };
		400DF8A116690A9900D6217B /* WarningLightCollectionViewCell.m in Sources */ = {isa = PBXBuildFile; fileRef = 400DF8A016690A9900D6217B /* WarningLightCollectionViewCell.m */; };
		400DF8A516690C7600D6217B /* WarningLightViewController.m in Sources */ = {isa = PBXBuildFile; fileRef = 400DF8A316690C7600D6217B /* WarningLightViewController.m */; };
		400DF8A616690C7600D6217B /* WarningLightViewController.xib in Resources */ = {isa = PBXBuildFile; fileRef = 400DF8A416690C7600D6217B /* WarningLightViewController.xib */; };
		400DF8AB166910BF00D6217B /* bremsanlage.png in Resources */ = {isa = PBXBuildFile; fileRef = 400DF8A7166910BF00D6217B /* bremsanlage.png */; };
		400DF8AC166910BF00D6217B /* feststellbremsenleuchte.png in Resources */ = {isa = PBXBuildFile; fileRef = 400DF8A8166910BF00D6217B /* feststellbremsenleuchte.png */; };
		400DF8AD166910BF00D6217B /* parkbremse.png in Resources */ = {isa = PBXBuildFile; fileRef = 400DF8A9166910BF00D6217B /* parkbremse.png */; };
		400DF8AE166910BF00D6217B /* warnleuchte.png in Resources */ = {isa = PBXBuildFile; fileRef = 400DF8AA166910BF00D6217B /* warnleuchte.png */; };
		400DF8B0166912C400D6217B /* QuartzCore.framework in Frameworks */ = {isa = PBXBuildFile; fileRef = 400DF8AF166912C400D6217B /* QuartzCore.framework */; };
		400DF8B4166918E500D6217B /* warnleuchtenKategorie.png in Resources */ = {isa = PBXBuildFile; fileRef = 400DF8B3166918E500D6217B /* warnleuchtenKategorie.png */; };
		405FB2821673754D00024934 /* NSString+CarAssistString.m in Sources */ = {isa = PBXBuildFile; fileRef = 405FB2811673754D00024934 /* NSString+CarAssistString.m */; };
		405FB28C167394C000024934 /* favorit.png in Resources */ = {isa = PBXBuildFile; fileRef = 405FB28B167394C000024934 /* favorit.png */; };
		405FB2931673982F00024934 /* default_car.png in Resources */ = {isa = PBXBuildFile; fileRef = 405FB2921673982F00024934 /* default_car.png */; };
		40959AE916724F04001A1E86 /* CarListSelectorViewController.m in Sources */ = {isa = PBXBuildFile; fileRef = 40959AE716724F04001A1E86 /* CarListSelectorViewController.m */; };
		40959AEA16724F04001A1E86 /* CarListSelectorViewController.xib in Resources */ = {isa = PBXBuildFile; fileRef = 40959AE816724F04001A1E86 /* CarListSelectorViewController.xib */; };
		40C32751166B89BB00BC049B /* ServiceGuideStockService.m in Sources */ = {isa = PBXBuildFile; fileRef = 40C32750166B89BB00BC049B /* ServiceGuideStockService.m */; };
		40C32759166B942F00BC049B /* ServiceGuideStockServiceTest.m in Sources */ = {isa = PBXBuildFile; fileRef = 40C32758166B942F00BC049B /* ServiceGuideStockServiceTest.m */; };
		40C32760166B9A5400BC049B /* StepTests.m in Sources */ = {isa = PBXBuildFile; fileRef = 40C3275F166B9A5400BC049B /* StepTests.m */; };
		40C32764166B9A6100BC049B /* GuideTests.m in Sources */ = {isa = PBXBuildFile; fileRef = 40C32763166B9A6100BC049B /* GuideTests.m */; };
		40C32768166BAEAD00BC049B /* pannenhilfe.png in Resources */ = {isa = PBXBuildFile; fileRef = 40C32767166BAEAD00BC049B /* pannenhilfe.png */; };
		40F85020166B84A900366DDE /* WarningLightStockServiceTest.m in Sources */ = {isa = PBXBuildFile; fileRef = 40F8501D166B84A900366DDE /* WarningLightStockServiceTest.m */; };
		40F85021166B84A900366DDE /* WarningLightTest.m in Sources */ = {isa = PBXBuildFile; fileRef = 40F8501F166B84A900366DDE /* WarningLightTest.m */; };
		661E1A42166B759D00493F54 /* ServiceCategoryViewController.m in Sources */ = {isa = PBXBuildFile; fileRef = 661E1A40166B759D00493F54 /* ServiceCategoryViewController.m */; };
		661E1A43166B759D00493F54 /* ServiceCategoryViewController.xib in Resources */ = {isa = PBXBuildFile; fileRef = 661E1A41166B759D00493F54 /* ServiceCategoryViewController.xib */; };
		661E1A46166B896000493F54 /* Guide.m in Sources */ = {isa = PBXBuildFile; fileRef = 661E1A45166B896000493F54 /* Guide.m */; };
		661E1A49166B8A4300493F54 /* Step.m in Sources */ = {isa = PBXBuildFile; fileRef = 661E1A48166B8A4300493F54 /* Step.m */; };
		661E1A5D166BA98C00493F54 /* StepView.m in Sources */ = {isa = PBXBuildFile; fileRef = 661E1A5B166BA98C00493F54 /* StepView.m */; };
		661E1A5E166BA98C00493F54 /* StepView.xib in Resources */ = {isa = PBXBuildFile; fileRef = 661E1A5C166BA98C00493F54 /* StepView.xib */; };
		8F1FB475167498D2000D1D04 /* reifenwechsel_schritt_20.jpeg in Resources */ = {isa = PBXBuildFile; fileRef = 8FF1F3631672282300B7F5DE /* reifenwechsel_schritt_20.jpeg */; };
		8F1FB4781674CBB8000D1D04 /* kein_favorit.png in Resources */ = {isa = PBXBuildFile; fileRef = 8F1FB4771674CBB8000D1D04 /* kein_favorit.png */; };
		8F2F6568166BA73D00613701 /* GuideViewController.m in Sources */ = {isa = PBXBuildFile; fileRef = 8F2F6566166BA73D00613701 /* GuideViewController.m */; };
		8F2F6569166BA73D00613701 /* GuideViewController.xib in Resources */ = {isa = PBXBuildFile; fileRef = 8F2F6567166BA73D00613701 /* GuideViewController.xib */; };
		8F7D5192167878C600E41D4D /* background_bedienung.png in Resources */ = {isa = PBXBuildFile; fileRef = 8F7D518E167878C600E41D4D /* background_bedienung.png */; };
		8F7D5193167878C600E41D4D /* background_profil.png in Resources */ = {isa = PBXBuildFile; fileRef = 8F7D518F167878C600E41D4D /* background_profil.png */; };
		8F7D5194167878C600E41D4D /* background_service.png in Resources */ = {isa = PBXBuildFile; fileRef = 8F7D5190167878C600E41D4D /* background_service.png */; };
		8F7D5195167878C600E41D4D /* background_stoerung.png in Resources */ = {isa = PBXBuildFile; fileRef = 8F7D5191167878C600E41D4D /* background_stoerung.png */; };
		8F7D519B1678825200E41D4D /* Utils.m in Sources */ = {isa = PBXBuildFile; fileRef = 8F7D519A1678825200E41D4D /* Utils.m */; };
		8F7D519E1678A9DB00E41D4D /* CarFavoriteViewCell.m in Sources */ = {isa = PBXBuildFile; fileRef = 8F7D519D1678A9DB00E41D4D /* CarFavoriteViewCell.m */; };
		8FF1F35E1672204500B7F5DE /* tabbar_profil.png in Resources */ = {isa = PBXBuildFile; fileRef = 8FF1F35B1672204500B7F5DE /* tabbar_profil.png */; };
		8FF1F35F1672204500B7F5DE /* tabbar_service.png in Resources */ = {isa = PBXBuildFile; fileRef = 8FF1F35C1672204500B7F5DE /* tabbar_service.png */; };
		8FF1F3601672204500B7F5DE /* tabbar_stoerung.png in Resources */ = {isa = PBXBuildFile; fileRef = 8FF1F35D1672204500B7F5DE /* tabbar_stoerung.png */; };
/* End PBXBuildFile section */

/* Begin PBXContainerItemProxy section */
		400DF8701668F0F200D6217B /* PBXContainerItemProxy */ = {
			isa = PBXContainerItemProxy;
			containerPortal = 400DF83B1668F0F100D6217B /* Project object */;
			proxyType = 1;
			remoteGlobalIDString = 400DF8431668F0F100D6217B;
			remoteInfo = CarAssist;
		};
/* End PBXContainerItemProxy section */

/* Begin PBXFileReference section */
		375C714F166B8DF500B48C11 /* CarFavoritViewController.h */ = {isa = PBXFileReference; fileEncoding = 4; lastKnownFileType = sourcecode.c.h; path = CarFavoritViewController.h; sourceTree = "<group>"; };
		375C7150166B8DF500B48C11 /* CarFavoritViewController.m */ = {isa = PBXFileReference; fileEncoding = 4; lastKnownFileType = sourcecode.c.objc; path = CarFavoritViewController.m; sourceTree = "<group>"; };
		375C7151166B8DF500B48C11 /* CarFavoritViewController.xib */ = {isa = PBXFileReference; fileEncoding = 4; lastKnownFileType = file.xib; path = CarFavoritViewController.xib; sourceTree = "<group>"; };
		375C7154166B93EE00B48C11 /* CarProfilViewController.h */ = {isa = PBXFileReference; fileEncoding = 4; lastKnownFileType = sourcecode.c.h; path = CarProfilViewController.h; sourceTree = "<group>"; };
		375C7155166B93EE00B48C11 /* CarProfilViewController.m */ = {isa = PBXFileReference; fileEncoding = 4; lastKnownFileType = sourcecode.c.objc; path = CarProfilViewController.m; sourceTree = "<group>"; };
		375C7156166B93EF00B48C11 /* CarProfilViewController.xib */ = {isa = PBXFileReference; fileEncoding = 4; lastKnownFileType = file.xib; path = CarProfilViewController.xib; sourceTree = "<group>"; };
		375F8E73167226CC00FAD821 /* tabbar_service Kopie.png */ = {isa = PBXFileReference; lastKnownFileType = image.png; path = "tabbar_service Kopie.png"; sourceTree = "<group>"; };
		375F8E7616722A2700FAD821 /* tabbar_profil Kopie.png */ = {isa = PBXFileReference; lastKnownFileType = image.png; path = "tabbar_profil Kopie.png"; sourceTree = "<group>"; };
		375F8E7816722A3000FAD821 /* tabbar_stoerung Kopie.png */ = {isa = PBXFileReference; lastKnownFileType = image.png; path = "tabbar_stoerung Kopie.png"; sourceTree = "<group>"; };
		375F8E7E16723C7D00FAD821 /* SettingsViewController.h */ = {isa = PBXFileReference; fileEncoding = 4; lastKnownFileType = sourcecode.c.h; path = SettingsViewController.h; sourceTree = "<group>"; };
		375F8E7F16723C7D00FAD821 /* SettingsViewController.m */ = {isa = PBXFileReference; fileEncoding = 4; lastKnownFileType = sourcecode.c.objc; path = SettingsViewController.m; sourceTree = "<group>"; };
		375F8E8016723C7D00FAD821 /* SettingsViewController.xib */ = {isa = PBXFileReference; fileEncoding = 4; lastKnownFileType = file.xib; path = SettingsViewController.xib; sourceTree = "<group>"; };
		37BB8928167372F60098EFA3 /* CarDataViewController.h */ = {isa = PBXFileReference; fileEncoding = 4; lastKnownFileType = sourcecode.c.h; path = CarDataViewController.h; sourceTree = "<group>"; };
		37BB8929167372F60098EFA3 /* CarDataViewController.m */ = {isa = PBXFileReference; fileEncoding = 4; lastKnownFileType = sourcecode.c.objc; path = CarDataViewController.m; sourceTree = "<group>"; };
		37BB892A167372F60098EFA3 /* CarDataViewController.xib */ = {isa = PBXFileReference; fileEncoding = 4; lastKnownFileType = file.xib; path = CarDataViewController.xib; sourceTree = "<group>"; };
		37BB893916737F2F0098EFA3 /* RadioPickerController.h */ = {isa = PBXFileReference; fileEncoding = 4; lastKnownFileType = sourcecode.c.h; path = RadioPickerController.h; sourceTree = "<group>"; };
		37BB893A16737F2F0098EFA3 /* RadioPickerController.m */ = {isa = PBXFileReference; fileEncoding = 4; lastKnownFileType = sourcecode.c.objc; path = RadioPickerController.m; sourceTree = "<group>"; };
		37BB893B16737F2F0098EFA3 /* RadioPickerController.xib */ = {isa = PBXFileReference; fileEncoding = 4; lastKnownFileType = file.xib; path = RadioPickerController.xib; sourceTree = "<group>"; };
		37BB893E16738BD40098EFA3 /* Autoradio.jpeg */ = {isa = PBXFileReference; lastKnownFileType = image.jpeg; path = Autoradio.jpeg; sourceTree = "<group>"; };
		37BB8940167391210098EFA3 /* AccessoryService.h */ = {isa = PBXFileReference; fileEncoding = 4; lastKnownFileType = sourcecode.c.h; path = AccessoryService.h; sourceTree = "<group>"; };
		37BB8941167391210098EFA3 /* AccessoryService.m */ = {isa = PBXFileReference; fileEncoding = 4; lastKnownFileType = sourcecode.c.objc; path = AccessoryService.m; sourceTree = "<group>"; };
		37E7179B16690C5E00F6B11F /* Car.h */ = {isa = PBXFileReference; fileEncoding = 4; lastKnownFileType = sourcecode.c.h; path = Car.h; sourceTree = "<group>"; };
		37E7179C16690C5E00F6B11F /* Car.m */ = {isa = PBXFileReference; fileEncoding = 4; lastKnownFileType = sourcecode.c.objc; path = Car.m; sourceTree = "<group>"; };
		37E7179F16690CAB00F6B11F /* Profile.h */ = {isa = PBXFileReference; fileEncoding = 4; lastKnownFileType = sourcecode.c.h; path = Profile.h; sourceTree = "<group>"; };
		37E717A016690CAB00F6B11F /* Profile.m */ = {isa = PBXFileReference; fileEncoding = 4; lastKnownFileType = sourcecode.c.objc; path = Profile.m; sourceTree = "<group>"; };
		37E717A516690D2400F6B11F /* ProfilController.h */ = {isa = PBXFileReference; fileEncoding = 4; lastKnownFileType = sourcecode.c.h; path = ProfilController.h; sourceTree = "<group>"; };
		37E717A616690D2400F6B11F /* ProfilController.m */ = {isa = PBXFileReference; fileEncoding = 4; lastKnownFileType = sourcecode.c.objc; path = ProfilController.m; sourceTree = "<group>"; };
		37E717A716690D2400F6B11F /* ProfilController.xib */ = {isa = PBXFileReference; fileEncoding = 4; lastKnownFileType = file.xib; path = ProfilController.xib; sourceTree = "<group>"; };
		37E717AA16690FCF00F6B11F /* CarListService.h */ = {isa = PBXFileReference; fileEncoding = 4; lastKnownFileType = sourcecode.c.h; path = CarListService.h; sourceTree = "<group>"; };
		37E717AB16690FCF00F6B11F /* CarListService.m */ = {isa = PBXFileReference; fileEncoding = 4; lastKnownFileType = sourcecode.c.objc; path = CarListService.m; sourceTree = "<group>"; };
		400DF8441668F0F100D6217B /* CarAssist.app */ = {isa = PBXFileReference; explicitFileType = wrapper.application; includeInIndex = 0; path = CarAssist.app; sourceTree = BUILT_PRODUCTS_DIR; };
		400DF8481668F0F100D6217B /* UIKit.framework */ = {isa = PBXFileReference; lastKnownFileType = wrapper.framework; name = UIKit.framework; path = System/Library/Frameworks/UIKit.framework; sourceTree = SDKROOT; };
		400DF84A1668F0F100D6217B /* Foundation.framework */ = {isa = PBXFileReference; lastKnownFileType = wrapper.framework; name = Foundation.framework; path = System/Library/Frameworks/Foundation.framework; sourceTree = SDKROOT; };
		400DF84C1668F0F100D6217B /* CoreGraphics.framework */ = {isa = PBXFileReference; lastKnownFileType = wrapper.framework; name = CoreGraphics.framework; path = System/Library/Frameworks/CoreGraphics.framework; sourceTree = SDKROOT; };
		400DF8501668F0F100D6217B /* CarAssist-Info.plist */ = {isa = PBXFileReference; lastKnownFileType = text.plist.xml; path = "CarAssist-Info.plist"; sourceTree = "<group>"; };
		400DF8521668F0F100D6217B /* en */ = {isa = PBXFileReference; lastKnownFileType = text.plist.strings; name = en; path = en.lproj/InfoPlist.strings; sourceTree = "<group>"; };
		400DF8541668F0F100D6217B /* main.m */ = {isa = PBXFileReference; lastKnownFileType = sourcecode.c.objc; path = main.m; sourceTree = "<group>"; };
		400DF8561668F0F100D6217B /* CarAssist-Prefix.pch */ = {isa = PBXFileReference; lastKnownFileType = sourcecode.c.h; path = "CarAssist-Prefix.pch"; sourceTree = "<group>"; };
		400DF8571668F0F100D6217B /* AppDelegate.h */ = {isa = PBXFileReference; lastKnownFileType = sourcecode.c.h; path = AppDelegate.h; sourceTree = "<group>"; };
		400DF8581668F0F100D6217B /* AppDelegate.m */ = {isa = PBXFileReference; lastKnownFileType = sourcecode.c.objc; path = AppDelegate.m; sourceTree = "<group>"; };
		400DF85A1668F0F200D6217B /* Default.png */ = {isa = PBXFileReference; lastKnownFileType = image.png; path = Default.png; sourceTree = "<group>"; };
		400DF85C1668F0F200D6217B /* Default@2x.png */ = {isa = PBXFileReference; lastKnownFileType = image.png; path = "Default@2x.png"; sourceTree = "<group>"; };
		400DF85E1668F0F200D6217B /* Default-568h@2x.png */ = {isa = PBXFileReference; lastKnownFileType = image.png; path = "Default-568h@2x.png"; sourceTree = "<group>"; };
		400DF86B1668F0F200D6217B /* CarAssistTests.octest */ = {isa = PBXFileReference; explicitFileType = wrapper.cfbundle; includeInIndex = 0; path = CarAssistTests.octest; sourceTree = BUILT_PRODUCTS_DIR; };
		400DF86C1668F0F200D6217B /* SenTestingKit.framework */ = {isa = PBXFileReference; lastKnownFileType = wrapper.framework; name = SenTestingKit.framework; path = Library/Frameworks/SenTestingKit.framework; sourceTree = DEVELOPER_DIR; };
		400DF8741668F0F200D6217B /* CarAssistTests-Info.plist */ = {isa = PBXFileReference; lastKnownFileType = text.plist.xml; path = "CarAssistTests-Info.plist"; sourceTree = "<group>"; };
		400DF8761668F0F200D6217B /* en */ = {isa = PBXFileReference; lastKnownFileType = text.plist.strings; name = en; path = en.lproj/InfoPlist.strings; sourceTree = "<group>"; };
		400DF8781668F0F200D6217B /* CarAssistTests.h */ = {isa = PBXFileReference; lastKnownFileType = sourcecode.c.h; path = CarAssistTests.h; sourceTree = "<group>"; };
		400DF8791668F0F200D6217B /* CarAssistTests.m */ = {isa = PBXFileReference; lastKnownFileType = sourcecode.c.objc; path = CarAssistTests.m; sourceTree = "<group>"; };
		400DF8831668F1A000D6217B /* AppIcon_iPhone_klein.png */ = {isa = PBXFileReference; lastKnownFileType = image.png; path = AppIcon_iPhone_klein.png; sourceTree = "<group>"; };
		400DF8851668F1D700D6217B /* AppIcon_iPhone_gross.png */ = {isa = PBXFileReference; lastKnownFileType = image.png; path = AppIcon_iPhone_gross.png; sourceTree = "<group>"; };
		400DF8891669056900D6217B /* WarningCategoryViewController.h */ = {isa = PBXFileReference; fileEncoding = 4; lastKnownFileType = sourcecode.c.h; path = WarningCategoryViewController.h; sourceTree = "<group>"; };
		400DF88A1669056900D6217B /* WarningCategoryViewController.m */ = {isa = PBXFileReference; fileEncoding = 4; lastKnownFileType = sourcecode.c.objc; path = WarningCategoryViewController.m; sourceTree = "<group>"; };
		400DF88B1669056900D6217B /* WarningCategoryViewController.xib */ = {isa = PBXFileReference; fileEncoding = 4; lastKnownFileType = file.xib; path = WarningCategoryViewController.xib; sourceTree = "<group>"; };
		400DF8931669080600D6217B /* WarningLight.h */ = {isa = PBXFileReference; fileEncoding = 4; lastKnownFileType = sourcecode.c.h; path = WarningLight.h; sourceTree = "<group>"; };
		400DF8941669080600D6217B /* WarningLight.m */ = {isa = PBXFileReference; fileEncoding = 4; lastKnownFileType = sourcecode.c.objc; path = WarningLight.m; sourceTree = "<group>"; };
		400DF8971669082600D6217B /* WarningLightStockService.h */ = {isa = PBXFileReference; fileEncoding = 4; lastKnownFileType = sourcecode.c.h; path = WarningLightStockService.h; sourceTree = "<group>"; };
		400DF8981669082600D6217B /* WarningLightStockService.m */ = {isa = PBXFileReference; fileEncoding = 4; lastKnownFileType = sourcecode.c.objc; path = WarningLightStockService.m; sourceTree = "<group>"; };
		400DF89A1669085E00D6217B /* WarningLightCollectionViewController.h */ = {isa = PBXFileReference; fileEncoding = 4; lastKnownFileType = sourcecode.c.h; path = WarningLightCollectionViewController.h; sourceTree = "<group>"; };
		400DF89B1669085E00D6217B /* WarningLightCollectionViewController.m */ = {isa = PBXFileReference; fileEncoding = 4; lastKnownFileType = sourcecode.c.objc; path = WarningLightCollectionViewController.m; sourceTree = "<group>"; };
		400DF89C1669085E00D6217B /* WarningLightCollectionViewController.xib */ = {isa = PBXFileReference; fileEncoding = 4; lastKnownFileType = file.xib; path = WarningLightCollectionViewController.xib; sourceTree = "<group>"; };
		400DF89F16690A9900D6217B /* WarningLightCollectionViewCell.h */ = {isa = PBXFileReference; fileEncoding = 4; lastKnownFileType = sourcecode.c.h; path = WarningLightCollectionViewCell.h; sourceTree = "<group>"; };
		400DF8A016690A9900D6217B /* WarningLightCollectionViewCell.m */ = {isa = PBXFileReference; fileEncoding = 4; lastKnownFileType = sourcecode.c.objc; path = WarningLightCollectionViewCell.m; sourceTree = "<group>"; };
		400DF8A216690C7600D6217B /* WarningLightViewController.h */ = {isa = PBXFileReference; fileEncoding = 4; lastKnownFileType = sourcecode.c.h; path = WarningLightViewController.h; sourceTree = "<group>"; };
		400DF8A316690C7600D6217B /* WarningLightViewController.m */ = {isa = PBXFileReference; fileEncoding = 4; lastKnownFileType = sourcecode.c.objc; path = WarningLightViewController.m; sourceTree = "<group>"; };
		400DF8A416690C7600D6217B /* WarningLightViewController.xib */ = {isa = PBXFileReference; fileEncoding = 4; lastKnownFileType = file.xib; path = WarningLightViewController.xib; sourceTree = "<group>"; };
		400DF8A7166910BF00D6217B /* bremsanlage.png */ = {isa = PBXFileReference; lastKnownFileType = image.png; path = bremsanlage.png; sourceTree = "<group>"; };
		400DF8A8166910BF00D6217B /* feststellbremsenleuchte.png */ = {isa = PBXFileReference; lastKnownFileType = image.png; path = feststellbremsenleuchte.png; sourceTree = "<group>"; };
		400DF8A9166910BF00D6217B /* parkbremse.png */ = {isa = PBXFileReference; lastKnownFileType = image.png; path = parkbremse.png; sourceTree = "<group>"; };
		400DF8AA166910BF00D6217B /* warnleuchte.png */ = {isa = PBXFileReference; lastKnownFileType = image.png; path = warnleuchte.png; sourceTree = "<group>"; };
		400DF8AF166912C400D6217B /* QuartzCore.framework */ = {isa = PBXFileReference; lastKnownFileType = wrapper.framework; name = QuartzCore.framework; path = System/Library/Frameworks/QuartzCore.framework; sourceTree = SDKROOT; };
		400DF8B3166918E500D6217B /* warnleuchtenKategorie.png */ = {isa = PBXFileReference; lastKnownFileType = image.png; path = warnleuchtenKategorie.png; sourceTree = "<group>"; };
		405FB2801673754D00024934 /* NSString+CarAssistString.h */ = {isa = PBXFileReference; fileEncoding = 4; lastKnownFileType = sourcecode.c.h; path = "NSString+CarAssistString.h"; sourceTree = "<group>"; };
		405FB2811673754D00024934 /* NSString+CarAssistString.m */ = {isa = PBXFileReference; fileEncoding = 4; lastKnownFileType = sourcecode.c.objc; path = "NSString+CarAssistString.m"; sourceTree = "<group>"; };
		405FB28B167394C000024934 /* favorit.png */ = {isa = PBXFileReference; lastKnownFileType = image.png; path = favorit.png; sourceTree = "<group>"; };
		405FB2921673982F00024934 /* default_car.png */ = {isa = PBXFileReference; lastKnownFileType = image.png; path = default_car.png; sourceTree = "<group>"; };
		40959AE616724F04001A1E86 /* CarListSelectorViewController.h */ = {isa = PBXFileReference; fileEncoding = 4; lastKnownFileType = sourcecode.c.h; path = CarListSelectorViewController.h; sourceTree = "<group>"; };
		40959AE716724F04001A1E86 /* CarListSelectorViewController.m */ = {isa = PBXFileReference; fileEncoding = 4; lastKnownFileType = sourcecode.c.objc; path = CarListSelectorViewController.m; sourceTree = "<group>"; };
		40959AE816724F04001A1E86 /* CarListSelectorViewController.xib */ = {isa = PBXFileReference; fileEncoding = 4; lastKnownFileType = file.xib; path = CarListSelectorViewController.xib; sourceTree = "<group>"; };
		40C3274F166B89BB00BC049B /* ServiceGuideStockService.h */ = {isa = PBXFileReference; fileEncoding = 4; lastKnownFileType = sourcecode.c.h; path = ServiceGuideStockService.h; sourceTree = "<group>"; };
		40C32750166B89BB00BC049B /* ServiceGuideStockService.m */ = {isa = PBXFileReference; fileEncoding = 4; lastKnownFileType = sourcecode.c.objc; path = ServiceGuideStockService.m; sourceTree = "<group>"; };
		40C32757166B942F00BC049B /* ServiceGuideStockServiceTest.h */ = {isa = PBXFileReference; fileEncoding = 4; lastKnownFileType = sourcecode.c.h; path = ServiceGuideStockServiceTest.h; sourceTree = "<group>"; };
		40C32758166B942F00BC049B /* ServiceGuideStockServiceTest.m */ = {isa = PBXFileReference; fileEncoding = 4; lastKnownFileType = sourcecode.c.objc; path = ServiceGuideStockServiceTest.m; sourceTree = "<group>"; };
		40C3275E166B9A5400BC049B /* StepTests.h */ = {isa = PBXFileReference; fileEncoding = 4; lastKnownFileType = sourcecode.c.h; path = StepTests.h; sourceTree = "<group>"; };
		40C3275F166B9A5400BC049B /* StepTests.m */ = {isa = PBXFileReference; fileEncoding = 4; lastKnownFileType = sourcecode.c.objc; path = StepTests.m; sourceTree = "<group>"; };
		40C32762166B9A6100BC049B /* GuideTests.h */ = {isa = PBXFileReference; fileEncoding = 4; lastKnownFileType = sourcecode.c.h; path = GuideTests.h; sourceTree = "<group>"; };
		40C32763166B9A6100BC049B /* GuideTests.m */ = {isa = PBXFileReference; fileEncoding = 4; lastKnownFileType = sourcecode.c.objc; path = GuideTests.m; sourceTree = "<group>"; };
		40C32767166BAEAD00BC049B /* pannenhilfe.png */ = {isa = PBXFileReference; lastKnownFileType = image.png; path = pannenhilfe.png; sourceTree = "<group>"; };
		40F8501C166B84A900366DDE /* WarningLightStockServiceTest.h */ = {isa = PBXFileReference; fileEncoding = 4; lastKnownFileType = sourcecode.c.h; path = WarningLightStockServiceTest.h; sourceTree = "<group>"; };
		40F8501D166B84A900366DDE /* WarningLightStockServiceTest.m */ = {isa = PBXFileReference; fileEncoding = 4; lastKnownFileType = sourcecode.c.objc; path = WarningLightStockServiceTest.m; sourceTree = "<group>"; };
		40F8501E166B84A900366DDE /* WarningLightTest.h */ = {isa = PBXFileReference; fileEncoding = 4; lastKnownFileType = sourcecode.c.h; path = WarningLightTest.h; sourceTree = "<group>"; };
		40F8501F166B84A900366DDE /* WarningLightTest.m */ = {isa = PBXFileReference; fileEncoding = 4; lastKnownFileType = sourcecode.c.objc; path = WarningLightTest.m; sourceTree = "<group>"; };
		661E1A3F166B759D00493F54 /* ServiceCategoryViewController.h */ = {isa = PBXFileReference; fileEncoding = 4; lastKnownFileType = sourcecode.c.h; path = ServiceCategoryViewController.h; sourceTree = "<group>"; };
		661E1A40166B759D00493F54 /* ServiceCategoryViewController.m */ = {isa = PBXFileReference; fileEncoding = 4; lastKnownFileType = sourcecode.c.objc; path = ServiceCategoryViewController.m; sourceTree = "<group>"; };
		661E1A41166B759D00493F54 /* ServiceCategoryViewController.xib */ = {isa = PBXFileReference; fileEncoding = 4; lastKnownFileType = file.xib; path = ServiceCategoryViewController.xib; sourceTree = "<group>"; };
		661E1A44166B896000493F54 /* Guide.h */ = {isa = PBXFileReference; fileEncoding = 4; lastKnownFileType = sourcecode.c.h; path = Guide.h; sourceTree = "<group>"; };
		661E1A45166B896000493F54 /* Guide.m */ = {isa = PBXFileReference; fileEncoding = 4; lastKnownFileType = sourcecode.c.objc; path = Guide.m; sourceTree = "<group>"; };
		661E1A47166B8A4300493F54 /* Step.h */ = {isa = PBXFileReference; fileEncoding = 4; lastKnownFileType = sourcecode.c.h; path = Step.h; sourceTree = "<group>"; };
		661E1A48166B8A4300493F54 /* Step.m */ = {isa = PBXFileReference; fileEncoding = 4; lastKnownFileType = sourcecode.c.objc; path = Step.m; sourceTree = "<group>"; };
		661E1A5A166BA98C00493F54 /* StepView.h */ = {isa = PBXFileReference; fileEncoding = 4; lastKnownFileType = sourcecode.c.h; path = StepView.h; sourceTree = "<group>"; };
		661E1A5B166BA98C00493F54 /* StepView.m */ = {isa = PBXFileReference; fileEncoding = 4; lastKnownFileType = sourcecode.c.objc; path = StepView.m; sourceTree = "<group>"; };
		661E1A5C166BA98C00493F54 /* StepView.xib */ = {isa = PBXFileReference; fileEncoding = 4; lastKnownFileType = file.xib; path = StepView.xib; sourceTree = "<group>"; };
		8F1FB4771674CBB8000D1D04 /* kein_favorit.png */ = {isa = PBXFileReference; lastKnownFileType = image.png; path = kein_favorit.png; sourceTree = "<group>"; };
		8F2F6565166BA73D00613701 /* GuideViewController.h */ = {isa = PBXFileReference; fileEncoding = 4; lastKnownFileType = sourcecode.c.h; path = GuideViewController.h; sourceTree = "<group>"; };
		8F2F6566166BA73D00613701 /* GuideViewController.m */ = {isa = PBXFileReference; fileEncoding = 4; lastKnownFileType = sourcecode.c.objc; path = GuideViewController.m; sourceTree = "<group>"; };
		8F2F6567166BA73D00613701 /* GuideViewController.xib */ = {isa = PBXFileReference; fileEncoding = 4; lastKnownFileType = file.xib; path = GuideViewController.xib; sourceTree = "<group>"; };
		8F7D518E167878C600E41D4D /* background_bedienung.png */ = {isa = PBXFileReference; lastKnownFileType = image.png; path = background_bedienung.png; sourceTree = "<group>"; };
		8F7D518F167878C600E41D4D /* background_profil.png */ = {isa = PBXFileReference; lastKnownFileType = image.png; path = background_profil.png; sourceTree = "<group>"; };
		8F7D5190167878C600E41D4D /* background_service.png */ = {isa = PBXFileReference; lastKnownFileType = image.png; path = background_service.png; sourceTree = "<group>"; };
		8F7D5191167878C600E41D4D /* background_stoerung.png */ = {isa = PBXFileReference; lastKnownFileType = image.png; path = background_stoerung.png; sourceTree = "<group>"; };
		8F7D51991678825200E41D4D /* Utils.h */ = {isa = PBXFileReference; fileEncoding = 4; lastKnownFileType = sourcecode.c.h; path = Utils.h; sourceTree = "<group>"; };
		8F7D519A1678825200E41D4D /* Utils.m */ = {isa = PBXFileReference; fileEncoding = 4; lastKnownFileType = sourcecode.c.objc; path = Utils.m; sourceTree = "<group>"; };
		8F7D519C1678A9DB00E41D4D /* CarFavoriteViewCell.h */ = {isa = PBXFileReference; fileEncoding = 4; lastKnownFileType = sourcecode.c.h; path = CarFavoriteViewCell.h; sourceTree = "<group>"; };
		8F7D519D1678A9DB00E41D4D /* CarFavoriteViewCell.m */ = {isa = PBXFileReference; fileEncoding = 4; lastKnownFileType = sourcecode.c.objc; path = CarFavoriteViewCell.m; sourceTree = "<group>"; };
		8FF1F35B1672204500B7F5DE /* tabbar_profil.png */ = {isa = PBXFileReference; lastKnownFileType = image.png; path = tabbar_profil.png; sourceTree = "<group>"; };
		8FF1F35C1672204500B7F5DE /* tabbar_service.png */ = {isa = PBXFileReference; lastKnownFileType = image.png; path = tabbar_service.png; sourceTree = "<group>"; };
		8FF1F35D1672204500B7F5DE /* tabbar_stoerung.png */ = {isa = PBXFileReference; lastKnownFileType = image.png; path = tabbar_stoerung.png; sourceTree = "<group>"; };
		8FF1F3621672282300B7F5DE /* reifenwechsel_schritt_10.jpeg */ = {isa = PBXFileReference; lastKnownFileType = image.jpeg; path = reifenwechsel_schritt_10.jpeg; sourceTree = "<group>"; };
		8FF1F3631672282300B7F5DE /* reifenwechsel_schritt_20.jpeg */ = {isa = PBXFileReference; lastKnownFileType = image.jpeg; path = reifenwechsel_schritt_20.jpeg; sourceTree = "<group>"; };
/* End PBXFileReference section */

/* Begin PBXFrameworksBuildPhase section */
		400DF8411668F0F100D6217B /* Frameworks */ = {
			isa = PBXFrameworksBuildPhase;
			buildActionMask = 2147483647;
			files = (
				400DF8B0166912C400D6217B /* QuartzCore.framework in Frameworks */,
				400DF8491668F0F100D6217B /* UIKit.framework in Frameworks */,
				400DF84B1668F0F100D6217B /* Foundation.framework in Frameworks */,
				400DF84D1668F0F100D6217B /* CoreGraphics.framework in Frameworks */,
			);
			runOnlyForDeploymentPostprocessing = 0;
		};
		400DF8671668F0F200D6217B /* Frameworks */ = {
			isa = PBXFrameworksBuildPhase;
			buildActionMask = 2147483647;
			files = (
				400DF86D1668F0F200D6217B /* SenTestingKit.framework in Frameworks */,
				400DF86E1668F0F200D6217B /* UIKit.framework in Frameworks */,
				400DF86F1668F0F200D6217B /* Foundation.framework in Frameworks */,
			);
			runOnlyForDeploymentPostprocessing = 0;
		};
/* End PBXFrameworksBuildPhase section */

/* Begin PBXGroup section */
		2E725FEF166E665100942382 /* Warning */ = {
			isa = PBXGroup;
			children = (
				400DF8A216690C7600D6217B /* WarningLightViewController.h */,
				400DF8A316690C7600D6217B /* WarningLightViewController.m */,
				400DF8A416690C7600D6217B /* WarningLightViewController.xib */,
				400DF89F16690A9900D6217B /* WarningLightCollectionViewCell.h */,
				400DF8A016690A9900D6217B /* WarningLightCollectionViewCell.m */,
				400DF8891669056900D6217B /* WarningCategoryViewController.h */,
				400DF88A1669056900D6217B /* WarningCategoryViewController.m */,
				400DF88B1669056900D6217B /* WarningCategoryViewController.xib */,
				400DF89A1669085E00D6217B /* WarningLightCollectionViewController.h */,
				400DF89B1669085E00D6217B /* WarningLightCollectionViewController.m */,
				400DF89C1669085E00D6217B /* WarningLightCollectionViewController.xib */,
			);
			name = Warning;
			sourceTree = "<group>";
		};
		2E725FF1166E666100942382 /* Settings */ = {
			isa = PBXGroup;
			children = (
				37BB893116737E260098EFA3 /* CarDataView */,
				37E717A516690D2400F6B11F /* ProfilController.h */,
				37E717A616690D2400F6B11F /* ProfilController.m */,
				37E717A716690D2400F6B11F /* ProfilController.xib */,
				375C714F166B8DF500B48C11 /* CarFavoritViewController.h */,
				375C7150166B8DF500B48C11 /* CarFavoritViewController.m */,
				375C7151166B8DF500B48C11 /* CarFavoritViewController.xib */,
				375C7154166B93EE00B48C11 /* CarProfilViewController.h */,
				375C7155166B93EE00B48C11 /* CarProfilViewController.m */,
				375C7156166B93EF00B48C11 /* CarProfilViewController.xib */,
				375F8E7E16723C7D00FAD821 /* SettingsViewController.h */,
				375F8E7F16723C7D00FAD821 /* SettingsViewController.m */,
				375F8E8016723C7D00FAD821 /* SettingsViewController.xib */,
				40959AE616724F04001A1E86 /* CarListSelectorViewController.h */,
				40959AE716724F04001A1E86 /* CarListSelectorViewController.m */,
				40959AE816724F04001A1E86 /* CarListSelectorViewController.xib */,
			);
			name = Settings;
			sourceTree = "<group>";
		};
		2E725FF2166E666A00942382 /* Service */ = {
			isa = PBXGroup;
			children = (
				661E1A3F166B759D00493F54 /* ServiceCategoryViewController.h */,
				661E1A40166B759D00493F54 /* ServiceCategoryViewController.m */,
				661E1A41166B759D00493F54 /* ServiceCategoryViewController.xib */,
				8F2F6565166BA73D00613701 /* GuideViewController.h */,
				8F2F6566166BA73D00613701 /* GuideViewController.m */,
				8F2F6567166BA73D00613701 /* GuideViewController.xib */,
				661E1A5A166BA98C00493F54 /* StepView.h */,
				661E1A5B166BA98C00493F54 /* StepView.m */,
				661E1A5C166BA98C00493F54 /* StepView.xib */,
			);
			name = Service;
			sourceTree = "<group>";
		};
		2E725FF3166E667A00942382 /* Manual */ = {
			isa = PBXGroup;
			children = (
			);
			name = Manual;
			sourceTree = "<group>";
		};
		37BB893116737E260098EFA3 /* CarDataView */ = {
			isa = PBXGroup;
			children = (
				37BB8928167372F60098EFA3 /* CarDataViewController.h */,
				37BB8929167372F60098EFA3 /* CarDataViewController.m */,
				37BB892A167372F60098EFA3 /* CarDataViewController.xib */,
				37BB893916737F2F0098EFA3 /* RadioPickerController.h */,
				37BB893A16737F2F0098EFA3 /* RadioPickerController.m */,
				37BB893B16737F2F0098EFA3 /* RadioPickerController.xib */,
			);
			name = CarDataView;
			sourceTree = "<group>";
		};
		400DF8391668F0F100D6217B = {
			isa = PBXGroup;
			children = (
				400DF8871668F1E600D6217B /* Resources */,
				400DF84E1668F0F100D6217B /* CarAssist */,
				400DF8721668F0F200D6217B /* CarAssistTests */,
				400DF8471668F0F100D6217B /* Frameworks */,
				400DF8451668F0F100D6217B /* Products */,
			);
			sourceTree = "<group>";
		};
		400DF8451668F0F100D6217B /* Products */ = {
			isa = PBXGroup;
			children = (
				400DF8441668F0F100D6217B /* CarAssist.app */,
				400DF86B1668F0F200D6217B /* CarAssistTests.octest */,
			);
			name = Products;
			sourceTree = "<group>";
		};
		400DF8471668F0F100D6217B /* Frameworks */ = {
			isa = PBXGroup;
			children = (
				400DF8AF166912C400D6217B /* QuartzCore.framework */,
				400DF8481668F0F100D6217B /* UIKit.framework */,
				400DF84A1668F0F100D6217B /* Foundation.framework */,
				400DF84C1668F0F100D6217B /* CoreGraphics.framework */,
				400DF86C1668F0F200D6217B /* SenTestingKit.framework */,
			);
			name = Frameworks;
			sourceTree = "<group>";
		};
		400DF84E1668F0F100D6217B /* CarAssist */ = {
			isa = PBXGroup;
			children = (
				405FB27E167373FA00024934 /* Util */,
				400DF8961669081800D6217B /* Services */,
				400DF892166907E700D6217B /* Model */,
				400DF8881669051700D6217B /* Controller */,
				400DF8571668F0F100D6217B /* AppDelegate.h */,
				400DF8581668F0F100D6217B /* AppDelegate.m */,
				400DF84F1668F0F100D6217B /* Supporting Files */,
			);
			path = CarAssist;
			sourceTree = "<group>";
		};
		400DF84F1668F0F100D6217B /* Supporting Files */ = {
			isa = PBXGroup;
			children = (
				400DF8501668F0F100D6217B /* CarAssist-Info.plist */,
				400DF8511668F0F100D6217B /* InfoPlist.strings */,
				400DF8541668F0F100D6217B /* main.m */,
				400DF8561668F0F100D6217B /* CarAssist-Prefix.pch */,
				400DF85A1668F0F200D6217B /* Default.png */,
				400DF85C1668F0F200D6217B /* Default@2x.png */,
				400DF85E1668F0F200D6217B /* Default-568h@2x.png */,
			);
			name = "Supporting Files";
			sourceTree = "<group>";
		};
		400DF8721668F0F200D6217B /* CarAssistTests */ = {
			isa = PBXGroup;
			children = (
				40F85024166B84C700366DDE /* Services */,
				40F85023166B84B300366DDE /* Model */,
				400DF8781668F0F200D6217B /* CarAssistTests.h */,
				400DF8791668F0F200D6217B /* CarAssistTests.m */,
				400DF8731668F0F200D6217B /* Supporting Files */,
			);
			path = CarAssistTests;
			sourceTree = "<group>";
		};
		400DF8731668F0F200D6217B /* Supporting Files */ = {
			isa = PBXGroup;
			children = (
				400DF8741668F0F200D6217B /* CarAssistTests-Info.plist */,
				400DF8751668F0F200D6217B /* InfoPlist.strings */,
			);
			name = "Supporting Files";
			sourceTree = "<group>";
		};
		400DF8871668F1E600D6217B /* Resources */ = {
			isa = PBXGroup;
			children = (
				8F7D518C1678779A00E41D4D /* Backgrounds */,
				37BB893E16738BD40098EFA3 /* Autoradio.jpeg */,
				8FF1F361167227F100B7F5DE /* ServiceImages */,
				8FF1F3591672201900B7F5DE /* Icons */,
				40C32767166BAEAD00BC049B /* pannenhilfe.png */,
				400DF8A7166910BF00D6217B /* bremsanlage.png */,
				400DF8B3166918E500D6217B /* warnleuchtenKategorie.png */,
				400DF8A8166910BF00D6217B /* feststellbremsenleuchte.png */,
				400DF8A9166910BF00D6217B /* parkbremse.png */,
				400DF8AA166910BF00D6217B /* warnleuchte.png */,
				400DF8851668F1D700D6217B /* AppIcon_iPhone_gross.png */,
				400DF8831668F1A000D6217B /* AppIcon_iPhone_klein.png */,
			);
			name = Resources;
			sourceTree = "<group>";
		};
		400DF8881669051700D6217B /* Controller */ = {
			isa = PBXGroup;
			children = (
				2E725FF3166E667A00942382 /* Manual */,
				2E725FF2166E666A00942382 /* Service */,
				2E725FF1166E666100942382 /* Settings */,
				2E725FEF166E665100942382 /* Warning */,
			);
			name = Controller;
			sourceTree = "<group>";
		};
		400DF892166907E700D6217B /* Model */ = {
			isa = PBXGroup;
			children = (
				400DF8931669080600D6217B /* WarningLight.h */,
				400DF8941669080600D6217B /* WarningLight.m */,
				37E7179B16690C5E00F6B11F /* Car.h */,
				37E7179C16690C5E00F6B11F /* Car.m */,
				37E7179F16690CAB00F6B11F /* Profile.h */,
				37E717A016690CAB00F6B11F /* Profile.m */,
				661E1A44166B896000493F54 /* Guide.h */,
				661E1A45166B896000493F54 /* Guide.m */,
				661E1A47166B8A4300493F54 /* Step.h */,
				661E1A48166B8A4300493F54 /* Step.m */,
			);
			name = Model;
			sourceTree = "<group>";
		};
		400DF8961669081800D6217B /* Services */ = {
			isa = PBXGroup;
			children = (
				400DF8971669082600D6217B /* WarningLightStockService.h */,
				400DF8981669082600D6217B /* WarningLightStockService.m */,
				37E717AA16690FCF00F6B11F /* CarListService.h */,
				37E717AB16690FCF00F6B11F /* CarListService.m */,
				40C3274F166B89BB00BC049B /* ServiceGuideStockService.h */,
				40C32750166B89BB00BC049B /* ServiceGuideStockService.m */,
				37BB8940167391210098EFA3 /* AccessoryService.h */,
				37BB8941167391210098EFA3 /* AccessoryService.m */,
			);
			name = Services;
			sourceTree = "<group>";
		};
		405FB27E167373FA00024934 /* Util */ = {
			isa = PBXGroup;
			children = (
				405FB2801673754D00024934 /* NSString+CarAssistString.h */,
				405FB2811673754D00024934 /* NSString+CarAssistString.m */,
				8F7D51991678825200E41D4D /* Utils.h */,
				8F7D519A1678825200E41D4D /* Utils.m */,
				8F7D519C1678A9DB00E41D4D /* CarFavoriteViewCell.h */,
				8F7D519D1678A9DB00E41D4D /* CarFavoriteViewCell.m */,
			);
			name = Util;
			sourceTree = "<group>";
		};
		40F85023166B84B300366DDE /* Model */ = {
			isa = PBXGroup;
			children = (
				40F8501E166B84A900366DDE /* WarningLightTest.h */,
				40F8501F166B84A900366DDE /* WarningLightTest.m */,
				40C3275E166B9A5400BC049B /* StepTests.h */,
				40C3275F166B9A5400BC049B /* StepTests.m */,
				40C32762166B9A6100BC049B /* GuideTests.h */,
				40C32763166B9A6100BC049B /* GuideTests.m */,
			);
			name = Model;
			sourceTree = "<group>";
		};
		40F85024166B84C700366DDE /* Services */ = {
			isa = PBXGroup;
			children = (
				40F8501C166B84A900366DDE /* WarningLightStockServiceTest.h */,
				40F8501D166B84A900366DDE /* WarningLightStockServiceTest.m */,
				40C32757166B942F00BC049B /* ServiceGuideStockServiceTest.h */,
				40C32758166B942F00BC049B /* ServiceGuideStockServiceTest.m */,
			);
			name = Services;
			sourceTree = "<group>";
		};
		8F7D518C1678779A00E41D4D /* Backgrounds */ = {
			isa = PBXGroup;
			children = (
				8F7D518E167878C600E41D4D /* background_bedienung.png */,
				8F7D518F167878C600E41D4D /* background_profil.png */,
				8F7D5190167878C600E41D4D /* background_service.png */,
				8F7D5191167878C600E41D4D /* background_stoerung.png */,
			);
			name = Backgrounds;
			sourceTree = "<group>";
		};
		8FF1F3591672201900B7F5DE /* Icons */ = {
			isa = PBXGroup;
			children = (
				405FB2921673982F00024934 /* default_car.png */,
				405FB28B167394C000024934 /* favorit.png */,
				8F1FB4771674CBB8000D1D04 /* kein_favorit.png */,
				375F8E7816722A3000FAD821 /* tabbar_stoerung Kopie.png */,
				375F8E7616722A2700FAD821 /* tabbar_profil Kopie.png */,
				375F8E73167226CC00FAD821 /* tabbar_service Kopie.png */,
				8FF1F35B1672204500B7F5DE /* tabbar_profil.png */,
				8FF1F35C1672204500B7F5DE /* tabbar_service.png */,
				8FF1F35D1672204500B7F5DE /* tabbar_stoerung.png */,
			);
			name = Icons;
			sourceTree = "<group>";
		};
		8FF1F361167227F100B7F5DE /* ServiceImages */ = {
			isa = PBXGroup;
			children = (
				8FF1F3621672282300B7F5DE /* reifenwechsel_schritt_10.jpeg */,
				8FF1F3631672282300B7F5DE /* reifenwechsel_schritt_20.jpeg */,
			);
			name = ServiceImages;
			sourceTree = "<group>";
		};
/* End PBXGroup section */

/* Begin PBXNativeTarget section */
		400DF8431668F0F100D6217B /* CarAssist */ = {
			isa = PBXNativeTarget;
			buildConfigurationList = 400DF87D1668F0F200D6217B /* Build configuration list for PBXNativeTarget "CarAssist" */;
			buildPhases = (
				400DF8401668F0F100D6217B /* Sources */,
				400DF8411668F0F100D6217B /* Frameworks */,
				400DF8421668F0F100D6217B /* Resources */,
			);
			buildRules = (
			);
			dependencies = (
			);
			name = CarAssist;
			productName = CarAssist;
			productReference = 400DF8441668F0F100D6217B /* CarAssist.app */;
			productType = "com.apple.product-type.application";
		};
		400DF86A1668F0F200D6217B /* CarAssistTests */ = {
			isa = PBXNativeTarget;
			buildConfigurationList = 400DF8801668F0F200D6217B /* Build configuration list for PBXNativeTarget "CarAssistTests" */;
			buildPhases = (
				400DF8661668F0F200D6217B /* Sources */,
				400DF8671668F0F200D6217B /* Frameworks */,
				400DF8681668F0F200D6217B /* Resources */,
				400DF8691668F0F200D6217B /* ShellScript */,
			);
			buildRules = (
			);
			dependencies = (
				400DF8711668F0F200D6217B /* PBXTargetDependency */,
			);
			name = CarAssistTests;
			productName = CarAssistTests;
			productReference = 400DF86B1668F0F200D6217B /* CarAssistTests.octest */;
			productType = "com.apple.product-type.bundle";
		};
/* End PBXNativeTarget section */

/* Begin PBXProject section */
		400DF83B1668F0F100D6217B /* Project object */ = {
			isa = PBXProject;
			attributes = {
				LastUpgradeCheck = 0450;
				ORGANIZATIONNAME = "Gruppe Fear";
			};
			buildConfigurationList = 400DF83E1668F0F100D6217B /* Build configuration list for PBXProject "CarAssist" */;
			compatibilityVersion = "Xcode 3.2";
			developmentRegion = English;
			hasScannedForEncodings = 0;
			knownRegions = (
				en,
			);
			mainGroup = 400DF8391668F0F100D6217B;
			productRefGroup = 400DF8451668F0F100D6217B /* Products */;
			projectDirPath = "";
			projectRoot = "";
			targets = (
				400DF8431668F0F100D6217B /* CarAssist */,
				400DF86A1668F0F200D6217B /* CarAssistTests */,
			);
		};
/* End PBXProject section */

/* Begin PBXResourcesBuildPhase section */
		400DF8421668F0F100D6217B /* Resources */ = {
			isa = PBXResourcesBuildPhase;
			buildActionMask = 2147483647;
			files = (
				400DF8531668F0F100D6217B /* InfoPlist.strings in Resources */,
				400DF85B1668F0F200D6217B /* Default.png in Resources */,
				400DF85D1668F0F200D6217B /* Default@2x.png in Resources */,
				400DF85F1668F0F200D6217B /* Default-568h@2x.png in Resources */,
				400DF8841668F1A000D6217B /* AppIcon_iPhone_klein.png in Resources */,
				400DF8861668F1D700D6217B /* AppIcon_iPhone_gross.png in Resources */,
				400DF88D1669056900D6217B /* WarningCategoryViewController.xib in Resources */,
				400DF89E1669085E00D6217B /* WarningLightCollectionViewController.xib in Resources */,
				37E717A916690D2400F6B11F /* ProfilController.xib in Resources */,
				400DF8A616690C7600D6217B /* WarningLightViewController.xib in Resources */,
				400DF8AB166910BF00D6217B /* bremsanlage.png in Resources */,
				400DF8AC166910BF00D6217B /* feststellbremsenleuchte.png in Resources */,
				400DF8AD166910BF00D6217B /* parkbremse.png in Resources */,
				400DF8AE166910BF00D6217B /* warnleuchte.png in Resources */,
				400DF8B4166918E500D6217B /* warnleuchtenKategorie.png in Resources */,
				661E1A43166B759D00493F54 /* ServiceCategoryViewController.xib in Resources */,
				375C7153166B8DF600B48C11 /* CarFavoritViewController.xib in Resources */,
				375C7158166B93EF00B48C11 /* CarProfilViewController.xib in Resources */,
				40C32768166BAEAD00BC049B /* pannenhilfe.png in Resources */,
				8F2F6569166BA73D00613701 /* GuideViewController.xib in Resources */,
				661E1A5E166BA98C00493F54 /* StepView.xib in Resources */,
				8FF1F35E1672204500B7F5DE /* tabbar_profil.png in Resources */,
				8FF1F35F1672204500B7F5DE /* tabbar_service.png in Resources */,
				8FF1F3601672204500B7F5DE /* tabbar_stoerung.png in Resources */,
				375F8E74167226CC00FAD821 /* tabbar_service Kopie.png in Resources */,
				8F1FB475167498D2000D1D04 /* reifenwechsel_schritt_20.jpeg in Resources */,
				375F8E7716722A2700FAD821 /* tabbar_profil Kopie.png in Resources */,
				375F8E7916722A3000FAD821 /* tabbar_stoerung Kopie.png in Resources */,
				375F8E8216723C7D00FAD821 /* SettingsViewController.xib in Resources */,
				40959AEA16724F04001A1E86 /* CarListSelectorViewController.xib in Resources */,
				37BB892C167372F60098EFA3 /* CarDataViewController.xib in Resources */,
				37BB893D16737F2F0098EFA3 /* RadioPickerController.xib in Resources */,
				405FB28C167394C000024934 /* favorit.png in Resources */,
				37BB893F16738BD40098EFA3 /* Autoradio.jpeg in Resources */,
				405FB2931673982F00024934 /* default_car.png in Resources */,
				8F1FB4781674CBB8000D1D04 /* kein_favorit.png in Resources */,
				8F7D5192167878C600E41D4D /* background_bedienung.png in Resources */,
				8F7D5193167878C600E41D4D /* background_profil.png in Resources */,
				8F7D5194167878C600E41D4D /* background_service.png in Resources */,
				8F7D5195167878C600E41D4D /* background_stoerung.png in Resources */,
			);
			runOnlyForDeploymentPostprocessing = 0;
		};
		400DF8681668F0F200D6217B /* Resources */ = {
			isa = PBXResourcesBuildPhase;
			buildActionMask = 2147483647;
			files = (
				400DF8771668F0F200D6217B /* InfoPlist.strings in Resources */,
			);
			runOnlyForDeploymentPostprocessing = 0;
		};
/* End PBXResourcesBuildPhase section */

/* Begin PBXShellScriptBuildPhase section */
		400DF8691668F0F200D6217B /* ShellScript */ = {
			isa = PBXShellScriptBuildPhase;
			buildActionMask = 2147483647;
			files = (
			);
			inputPaths = (
			);
			outputPaths = (
			);
			runOnlyForDeploymentPostprocessing = 0;
			shellPath = /bin/sh;
			shellScript = "# Run the unit tests in this test bundle.\n\"${SYSTEM_DEVELOPER_DIR}/Tools/RunUnitTests\"\n";
		};
/* End PBXShellScriptBuildPhase section */

/* Begin PBXSourcesBuildPhase section */
		400DF8401668F0F100D6217B /* Sources */ = {
			isa = PBXSourcesBuildPhase;
			buildActionMask = 2147483647;
			files = (
				400DF8551668F0F100D6217B /* main.m in Sources */,
				400DF8591668F0F100D6217B /* AppDelegate.m in Sources */,
				400DF88C1669056900D6217B /* WarningCategoryViewController.m in Sources */,
				400DF8951669080600D6217B /* WarningLight.m in Sources */,
				400DF8991669082600D6217B /* WarningLightStockService.m in Sources */,
				400DF89D1669085E00D6217B /* WarningLightCollectionViewController.m in Sources */,
				400DF8A116690A9900D6217B /* WarningLightCollectionViewCell.m in Sources */,
				37E7179D16690C5E00F6B11F /* Car.m in Sources */,
				37E717A116690CAB00F6B11F /* Profile.m in Sources */,
				37E717A816690D2400F6B11F /* ProfilController.m in Sources */,
				37E717AC16690FCF00F6B11F /* CarListService.m in Sources */,
				400DF8A516690C7600D6217B /* WarningLightViewController.m in Sources */,
				661E1A42166B759D00493F54 /* ServiceCategoryViewController.m in Sources */,
				40C32751166B89BB00BC049B /* ServiceGuideStockService.m in Sources */,
				661E1A46166B896000493F54 /* Guide.m in Sources */,
				661E1A49166B8A4300493F54 /* Step.m in Sources */,
				375C7152166B8DF600B48C11 /* CarFavoritViewController.m in Sources */,
				375C7157166B93EF00B48C11 /* CarProfilViewController.m in Sources */,
				8F2F6568166BA73D00613701 /* GuideViewController.m in Sources */,
				661E1A5D166BA98C00493F54 /* StepView.m in Sources */,
				375F8E8116723C7D00FAD821 /* SettingsViewController.m in Sources */,
				40959AE916724F04001A1E86 /* CarListSelectorViewController.m in Sources */,
				405FB2821673754D00024934 /* NSString+CarAssistString.m in Sources */,
				37BB892B167372F60098EFA3 /* CarDataViewController.m in Sources */,
				37BB893C16737F2F0098EFA3 /* RadioPickerController.m in Sources */,
				37BB8942167391210098EFA3 /* AccessoryService.m in Sources */,
				8F7D519B1678825200E41D4D /* Utils.m in Sources */,
				8F7D519E1678A9DB00E41D4D /* CarFavoriteViewCell.m in Sources */,
			);
			runOnlyForDeploymentPostprocessing = 0;
		};
		400DF8661668F0F200D6217B /* Sources */ = {
			isa = PBXSourcesBuildPhase;
			buildActionMask = 2147483647;
			files = (
				400DF87A1668F0F200D6217B /* CarAssistTests.m in Sources */,
				40F85020166B84A900366DDE /* WarningLightStockServiceTest.m in Sources */,
				40F85021166B84A900366DDE /* WarningLightTest.m in Sources */,
				40C32759166B942F00BC049B /* ServiceGuideStockServiceTest.m in Sources */,
				40C32760166B9A5400BC049B /* StepTests.m in Sources */,
				40C32764166B9A6100BC049B /* GuideTests.m in Sources */,
			);
			runOnlyForDeploymentPostprocessing = 0;
		};
/* End PBXSourcesBuildPhase section */

/* Begin PBXTargetDependency section */
		400DF8711668F0F200D6217B /* PBXTargetDependency */ = {
			isa = PBXTargetDependency;
			target = 400DF8431668F0F100D6217B /* CarAssist */;
			targetProxy = 400DF8701668F0F200D6217B /* PBXContainerItemProxy */;
		};
/* End PBXTargetDependency section */

/* Begin PBXVariantGroup section */
		400DF8511668F0F100D6217B /* InfoPlist.strings */ = {
			isa = PBXVariantGroup;
			children = (
				400DF8521668F0F100D6217B /* en */,
			);
			name = InfoPlist.strings;
			sourceTree = "<group>";
		};
		400DF8751668F0F200D6217B /* InfoPlist.strings */ = {
			isa = PBXVariantGroup;
			children = (
				400DF8761668F0F200D6217B /* en */,
			);
			name = InfoPlist.strings;
			sourceTree = "<group>";
		};
/* End PBXVariantGroup section */

/* Begin XCBuildConfiguration section */
		400DF87B1668F0F200D6217B /* Debug */ = {
			isa = XCBuildConfiguration;
			buildSettings = {
				ALWAYS_SEARCH_USER_PATHS = NO;
				CLANG_CXX_LANGUAGE_STANDARD = "gnu++0x";
				CLANG_CXX_LIBRARY = "libc++";
				CLANG_ENABLE_OBJC_ARC = YES;
				CLANG_WARN_EMPTY_BODY = YES;
				CLANG_WARN__DUPLICATE_METHOD_MATCH = YES;
				"CODE_SIGN_IDENTITY[sdk=iphoneos*]" = "iPhone Developer";
				COPY_PHASE_STRIP = NO;
				GCC_C_LANGUAGE_STANDARD = gnu99;
				GCC_DYNAMIC_NO_PIC = NO;
				GCC_OPTIMIZATION_LEVEL = 0;
				GCC_PREPROCESSOR_DEFINITIONS = (
					"DEBUG=1",
					"$(inherited)",
				);
				GCC_SYMBOLS_PRIVATE_EXTERN = NO;
				GCC_WARN_ABOUT_RETURN_TYPE = YES;
				GCC_WARN_UNINITIALIZED_AUTOS = YES;
				GCC_WARN_UNUSED_VARIABLE = YES;
				IPHONEOS_DEPLOYMENT_TARGET = 6.0;
				ONLY_ACTIVE_ARCH = YES;
				SDKROOT = iphoneos;
			};
			name = Debug;
		};
		400DF87C1668F0F200D6217B /* Release */ = {
			isa = XCBuildConfiguration;
			buildSettings = {
				ALWAYS_SEARCH_USER_PATHS = NO;
				CLANG_CXX_LANGUAGE_STANDARD = "gnu++0x";
				CLANG_CXX_LIBRARY = "libc++";
				CLANG_ENABLE_OBJC_ARC = YES;
				CLANG_WARN_EMPTY_BODY = YES;
				CLANG_WARN__DUPLICATE_METHOD_MATCH = YES;
				"CODE_SIGN_IDENTITY[sdk=iphoneos*]" = "iPhone Developer";
				COPY_PHASE_STRIP = YES;
				GCC_C_LANGUAGE_STANDARD = gnu99;
				GCC_WARN_ABOUT_RETURN_TYPE = YES;
				GCC_WARN_UNINITIALIZED_AUTOS = YES;
				GCC_WARN_UNUSED_VARIABLE = YES;
				IPHONEOS_DEPLOYMENT_TARGET = 6.0;
				OTHER_CFLAGS = "-DNS_BLOCK_ASSERTIONS=1";
				SDKROOT = iphoneos;
				VALIDATE_PRODUCT = YES;
			};
			name = Release;
		};
		400DF87E1668F0F200D6217B /* Debug */ = {
			isa = XCBuildConfiguration;
			buildSettings = {
				GCC_PRECOMPILE_PREFIX_HEADER = YES;
				GCC_PREFIX_HEADER = "CarAssist/CarAssist-Prefix.pch";
				INFOPLIST_FILE = "CarAssist/CarAssist-Info.plist";
				PRODUCT_NAME = "$(TARGET_NAME)";
				WRAPPER_EXTENSION = app;
			};
			name = Debug;
		};
		400DF87F1668F0F200D6217B /* Release */ = {
			isa = XCBuildConfiguration;
			buildSettings = {
				GCC_PRECOMPILE_PREFIX_HEADER = YES;
				GCC_PREFIX_HEADER = "CarAssist/CarAssist-Prefix.pch";
				INFOPLIST_FILE = "CarAssist/CarAssist-Info.plist";
				PRODUCT_NAME = "$(TARGET_NAME)";
				WRAPPER_EXTENSION = app;
			};
			name = Release;
		};
		400DF8811668F0F200D6217B /* Debug */ = {
			isa = XCBuildConfiguration;
			buildSettings = {
				BUNDLE_LOADER = "$(BUILT_PRODUCTS_DIR)/CarAssist.app/CarAssist";
				FRAMEWORK_SEARCH_PATHS = (
					"\"$(SDKROOT)/Developer/Library/Frameworks\"",
					"\"$(DEVELOPER_LIBRARY_DIR)/Frameworks\"",
				);
				GCC_PRECOMPILE_PREFIX_HEADER = YES;
				GCC_PREFIX_HEADER = "CarAssist/CarAssist-Prefix.pch";
				INFOPLIST_FILE = "CarAssistTests/CarAssistTests-Info.plist";
				PRODUCT_NAME = "$(TARGET_NAME)";
				TEST_HOST = "$(BUNDLE_LOADER)";
				WRAPPER_EXTENSION = octest;
			};
			name = Debug;
		};
		400DF8821668F0F200D6217B /* Release */ = {
			isa = XCBuildConfiguration;
			buildSettings = {
				BUNDLE_LOADER = "$(BUILT_PRODUCTS_DIR)/CarAssist.app/CarAssist";
				FRAMEWORK_SEARCH_PATHS = (
					"\"$(SDKROOT)/Developer/Library/Frameworks\"",
					"\"$(DEVELOPER_LIBRARY_DIR)/Frameworks\"",
				);
				GCC_PRECOMPILE_PREFIX_HEADER = YES;
				GCC_PREFIX_HEADER = "CarAssist/CarAssist-Prefix.pch";
				INFOPLIST_FILE = "CarAssistTests/CarAssistTests-Info.plist";
				PRODUCT_NAME = "$(TARGET_NAME)";
				TEST_HOST = "$(BUNDLE_LOADER)";
				WRAPPER_EXTENSION = octest;
			};
			name = Release;
		};
/* End XCBuildConfiguration section */

/* Begin XCConfigurationList section */
		400DF83E1668F0F100D6217B /* Build configuration list for PBXProject "CarAssist" */ = {
			isa = XCConfigurationList;
			buildConfigurations = (
				400DF87B1668F0F200D6217B /* Debug */,
				400DF87C1668F0F200D6217B /* Release */,
			);
			defaultConfigurationIsVisible = 0;
			defaultConfigurationName = Release;
		};
		400DF87D1668F0F200D6217B /* Build configuration list for PBXNativeTarget "CarAssist" */ = {
			isa = XCConfigurationList;
			buildConfigurations = (
				400DF87E1668F0F200D6217B /* Debug */,
				400DF87F1668F0F200D6217B /* Release */,
			);
			defaultConfigurationIsVisible = 0;
			defaultConfigurationName = Release;
		};
		400DF8801668F0F200D6217B /* Build configuration list for PBXNativeTarget "CarAssistTests" */ = {
			isa = XCConfigurationList;
			buildConfigurations = (
				400DF8811668F0F200D6217B /* Debug */,
				400DF8821668F0F200D6217B /* Release */,
			);
			defaultConfigurationIsVisible = 0;
			defaultConfigurationName = Release;
		};
/* End XCConfigurationList section */
	};
	rootObject = 400DF83B1668F0F100D6217B /* Project object */;
}
